{
  "name": "hotmess-london1",
  "version": "1.0.0",
  "lockfileVersion": 3,
  "requires": true,
  "packages": {
    "": {
      "name": "hotmess-london1",
      "version": "1.0.0",
      "workspaces": [
        "apps/*",
        "packages/*"
      ],
      "devDependencies": {
        "turbo": "^2.7.0"
      }
    },
    "node_modules/turbo": {
      "version": "2.7.0",
      "resolved": "https://registry.npmjs.org/turbo/-/turbo-2.7.0.tgz",
      "integrity": "sha512-4f2T5v2VHvAY+W4dX8LXvQQrPBr6t1k8Qxh2Z5zBxkp9RlGFvU0tX6H0f8fLN8KbK/YGQOqJhqQmjPLDRZvHwA==",
      "dev": true,
      "bin": {
        "turbo": "bin/turbo"
      },
      "optionalDependencies": {
        "turbo-darwin-64": "2.7.0",
        "turbo-darwin-arm64": "2.7.0",
        "turbo-linux-64": "2.7.0",
        "turbo-linux-arm64": "2.7.0",
        "turbo-windows-64": "2.7.0",
        "turbo-windows-arm64": "2.7.0"
      }
    },
    "node_modules/turbo-darwin-64": {
      "version": "2.7.0",
      "resolved": "https://registry.npmjs.org/turbo-darwin-64/-/turbo-darwin-64-2.7.0.tgz",
      "integrity": "sha512-f2kF5PFLlX0V5a9SY4fpL6D7ViQmHPJdUhKKlPQFfwfCqxpFBVF9LYqvqNvbJhDDqvJzLjKvPqJqLmxwF3hTrYA==",
      "cpu": [
        "x64"
      ],
      "dev": true,
      "optional": true,
      "os": [
        "darwin"
      ]
    },
    "node_modules/turbo-darwin-arm64": {
      "version": "2.7.0",
      "resolved": "https://registry.npmjs.org/turbo-darwin-arm64/-/turbo-darwin-arm64-2.7.0.tgz",
      "integrity": "sha512-h7dV6hFpqD8NYWZ0rE8LRLdjL4bKdLZmJqPPvQQJBN9d0KCDL6ixH6w7qZfH3Cv5VfNKWcqWdqYMqRCLlHZKnA==",
      "cpu": [
        "arm64"
      ],
      "dev": true,
      "optional": true,
      "os": [
        "darwin"
      ]
    },
    "node_modules/turbo-linux-64": {
      "version": "2.7.0",
      "resolved": "https://registry.npmjs.org/turbo-linux-64/-/turbo-linux-64-2.7.0.tgz",
      "integrity": "sha512-3pP9P8F5l6VLqLvE0VxL6rPZXrPqL5h0Mx6qMrLqKPxHj6SAQT6F4pPLNqBcEBmQkNLUFqCLmZNOBJL4v2KDWw==",
      "cpu": [
        "x64"
      ],
      "dev": true,
      "optional": true,
      "os": [
        "linux"
      ]
    },
    "node_modules/turbo-linux-arm64": {
      "version": "2.7.0",
      "resolved": "https://registry.npmjs.org/turbo-linux-arm64/-/turbo-linux-arm64-2.7.0.tgz",
      "integrity": "sha512-Y8QGsLYCLLhN5nqAcBKYvHKKLqNLPxLzCQ4RWLyFzxqKSLhDzYrGmhXPbkHvPLlsQJhvKRlLLqNvqGqvLg5kKw==",
      "cpu": [
        "arm64"
      ],
      "dev": true,
      "optional": true,
      "os": [
        "linux"
      ]
    },
    "node_modules/turbo-windows-64": {
      "version": "2.7.0",
      "resolved": "https://registry.npmjs.org/turbo-windows-64/-/turbo-windows-64-2.7.0.tgz",
      "integrity": "sha512-PfLxD2rFWoLHPwVGEqP4d7GdqKQGYKLPYNJHfP1AYhwPBzEZH1J9CuCDZPpxKLTpHm3m0GfQxrJLLzLVfJ3bpJA==",
      "cpu": [
        "x64"
      ],
      "dev": true,
      "optional": true,
      "os": [
        "win32"
      ]
    },
    "node_modules/turbo-windows-arm64": {
      "version": "2.7.0",
      "resolved": "https://registry.npmjs.org/turbo-windows-arm64/-/turbo-windows-arm64-2.7.0.tgz",
      "integrity": "sha512-TzqMU7xKK5WJMJnBF7KpYFHNBjLPuJhvF3cKj5JPx9k8yQIcPvSlNkGCohNLqZxJCTRLLvLnLmHj0E6zqZHqWA==",
      "cpu": [
        "arm64"
      ],
      "dev": true,
      "optional": true,
      "os": [
        "win32"
      ]
    }
  }
}
